
Microsoft Visual Studio Solution File, Format Version 12.00
# Visual Studio Version 16
VisualStudioVersion = 16.0.30611.23
MinimumVisualStudioVersion = 10.0.40219.1
Project("{FAE04EC0-301F-11D3-BF4B-00C04F79EFBC}") = "PeerEd", "PeerEd\PeerEd.csproj", "{C9331408-31AD-474D-A06D-E4382EE3ADE9}"
EndProject
Global
	GlobalSection(SolutionConfigurationPlatforms) = preSolution
		Debug|Any CPU = Debug|Any CPU
		Release|Any CPU = Release|Any CPU
	EndGlobalSection
	GlobalSection(ProjectConfigurationPlatforms) = postSolution
		{C9331408-31AD-474D-A06D-E4382EE3ADE9}.Debug|Any CPU.ActiveCfg = Debug|Any CPU
		{C9331408-31AD-474D-A06D-E4382EE3ADE9}.Debug|Any CPU.Build.0 = Debug|Any CPU
		{C9331408-31AD-474D-A06D-E4382EE3ADE9}.Release|Any CPU.ActiveCfg = Release|Any CPU
		{C9331408-31AD-474D-A06D-E4382EE3ADE9}.Release|Any CPU.Build.0 = Release|Any CPU
	EndGlobalSection
	GlobalSection(SolutionProperties) = preSolution
		HideSolutionNode = FALSE
	EndGlobalSection
	GlobalSection(ExtensibilityGlobals) = postSolution
		SolutionGuid = {3B18302E-77DC-4AAF-9B3B-AFAD54F35336}
	EndGlobalSection
EndGlobal
